
Microsoft Visual Studio Solution File, Format Version 12.00
# Visual Studio Version 17
VisualStudioVersion = 17.9.34723.18
MinimumVisualStudioVersion = 10.0.40219.1
Project("{FAE04EC0-301F-11D3-BF4B-00C04F79EFBC}") = "FinanceTrackerWithoutInterface", "FinanceTrackerWithoutInterface\FinanceTrackerWithoutInterface.csproj", "{63C04206-B2A5-4ED0-828C-4DB4F43261B1}"
EndProject
Global
	GlobalSection(SolutionConfigurationPlatforms) = preSolution
		Debug|Any CPU = Debug|Any CPU
		Release|Any CPU = Release|Any CPU
	EndGlobalSection
	GlobalSection(ProjectConfigurationPlatforms) = postSolution
		{63C04206-B2A5-4ED0-828C-4DB4F43261B1}.Debug|Any CPU.ActiveCfg = Debug|Any CPU
		{63C04206-B2A5-4ED0-828C-4DB4F43261B1}.Debug|Any CPU.Build.0 = Debug|Any CPU
		{63C04206-B2A5-4ED0-828C-4DB4F43261B1}.Release|Any CPU.ActiveCfg = Release|Any CPU
		{63C04206-B2A5-4ED0-828C-4DB4F43261B1}.Release|Any CPU.Build.0 = Release|Any CPU
	EndGlobalSection
	GlobalSection(SolutionProperties) = preSolution
		HideSolutionNode = FALSE
	EndGlobalSection
	GlobalSection(ExtensibilityGlobals) = postSolution
		SolutionGuid = {700B7E4A-9BDE-4EAB-9E6B-A69693D3389A}
	EndGlobalSection
EndGlobal
